
Microsoft Visual Studio Solution File, Format Version 12.00
# Visual Studio Version 17
VisualStudioVersion = 17.10.35013.160
MinimumVisualStudioVersion = 10.0.40219.1
Project("{9A19103F-16F7-4668-BE54-9A1E7A4F7556}") = "RobotMonitor_3", "RobotMonitor\RobotMonitor_3.csproj", "{9CB54012-1DF7-4850-9BAD-C1C39157FFED}"
EndProject
Project("{2150E333-8FDC-42A3-9474-1A3956D46DE8}") = "Solution Items", "Solution Items", "{D1908F4E-1E9A-4094-B549-7321F3D20DF1}"
	ProjectSection(SolutionItems) = preProject
		.editorconfig = .editorconfig
	EndProjectSection
EndProject
Global
	GlobalSection(SolutionConfigurationPlatforms) = preSolution
		Debug|Any CPU = Debug|Any CPU
		Release|Any CPU = Release|Any CPU
	EndGlobalSection
	GlobalSection(ProjectConfigurationPlatforms) = postSolution
		{9CB54012-1DF7-4850-9BAD-C1C39157FFED}.Debug|Any CPU.ActiveCfg = Debug|Any CPU
		{9CB54012-1DF7-4850-9BAD-C1C39157FFED}.Debug|Any CPU.Build.0 = Debug|Any CPU
		{9CB54012-1DF7-4850-9BAD-C1C39157FFED}.Release|Any CPU.ActiveCfg = Release|Any CPU
		{9CB54012-1DF7-4850-9BAD-C1C39157FFED}.Release|Any CPU.Build.0 = Release|Any CPU
	EndGlobalSection
	GlobalSection(SolutionProperties) = preSolution
		HideSolutionNode = FALSE
	EndGlobalSection
	GlobalSection(ExtensibilityGlobals) = postSolution
		SolutionGuid = {8B29DA11-E44E-4990-B738-479B1135353F}
	EndGlobalSection
EndGlobal
